
Microsoft Visual Studio Solution File, Format Version 12.00
# Visual Studio Version 17
VisualStudioVersion = 17.3.32901.215
MinimumVisualStudioVersion = 10.0.40219.1
Project("{FAE04EC0-301F-11D3-BF4B-00C04F79EFBC}") = "Calculator(WPF)", "Calculator(WPF)\Calculator(WPF).csproj", "{556843AE-D8E3-4B29-A705-7E2326E3575B}"
EndProject
Global
	GlobalSection(SolutionConfigurationPlatforms) = preSolution
		Debug|Any CPU = Debug|Any CPU
		Release|Any CPU = Release|Any CPU
	EndGlobalSection
	GlobalSection(ProjectConfigurationPlatforms) = postSolution
		{556843AE-D8E3-4B29-A705-7E2326E3575B}.Debug|Any CPU.ActiveCfg = Debug|Any CPU
		{556843AE-D8E3-4B29-A705-7E2326E3575B}.Debug|Any CPU.Build.0 = Debug|Any CPU
		{556843AE-D8E3-4B29-A705-7E2326E3575B}.Release|Any CPU.ActiveCfg = Release|Any CPU
		{556843AE-D8E3-4B29-A705-7E2326E3575B}.Release|Any CPU.Build.0 = Release|Any CPU
	EndGlobalSection
	GlobalSection(SolutionProperties) = preSolution
		HideSolutionNode = FALSE
	EndGlobalSection
	GlobalSection(ExtensibilityGlobals) = postSolution
		SolutionGuid = {DC9A709E-BC51-48DD-B79F-9A8A084ED8DD}
	EndGlobalSection
EndGlobal
